
Microsoft Visual Studio Solution File, Format Version 12.00
# Visual Studio Version 16
VisualStudioVersion = 16.0.29613.14
MinimumVisualStudioVersion = 10.0.40219.1
Project("{FAE04EC0-301F-11D3-BF4B-00C04F79EFBC}") = "ExOnOverloading", "ExOnOverloading.csproj", "{CC742146-C136-4F4D-9F3E-BDA8C671ACB2}"
EndProject
Global
	GlobalSection(SolutionConfigurationPlatforms) = preSolution
		Debug|Any CPU = Debug|Any CPU
		Release|Any CPU = Release|Any CPU
	EndGlobalSection
	GlobalSection(ProjectConfigurationPlatforms) = postSolution
		{CC742146-C136-4F4D-9F3E-BDA8C671ACB2}.Debug|Any CPU.ActiveCfg = Debug|Any CPU
		{CC742146-C136-4F4D-9F3E-BDA8C671ACB2}.Debug|Any CPU.Build.0 = Debug|Any CPU
		{CC742146-C136-4F4D-9F3E-BDA8C671ACB2}.Release|Any CPU.ActiveCfg = Release|Any CPU
		{CC742146-C136-4F4D-9F3E-BDA8C671ACB2}.Release|Any CPU.Build.0 = Release|Any CPU
	EndGlobalSection
	GlobalSection(SolutionProperties) = preSolution
		HideSolutionNode = FALSE
	EndGlobalSection
	GlobalSection(ExtensibilityGlobals) = postSolution
		SolutionGuid = {E634E3E0-511F-47BF-8FAD-A2EF6570BE18}
	EndGlobalSection
EndGlobal
