
Microsoft Visual Studio Solution File, Format Version 12.00
# Visual Studio Version 16
VisualStudioVersion = 16.0.29613.14
MinimumVisualStudioVersion = 10.0.40219.1
Project("{FAE04EC0-301F-11D3-BF4B-00C04F79EFBC}") = "ExOnOverride", "ExOnOverride.csproj", "{EBCA9A34-19DF-4B63-A93B-785CB5E35B86}"
EndProject
Global
	GlobalSection(SolutionConfigurationPlatforms) = preSolution
		Debug|Any CPU = Debug|Any CPU
		Release|Any CPU = Release|Any CPU
	EndGlobalSection
	GlobalSection(ProjectConfigurationPlatforms) = postSolution
		{EBCA9A34-19DF-4B63-A93B-785CB5E35B86}.Debug|Any CPU.ActiveCfg = Debug|Any CPU
		{EBCA9A34-19DF-4B63-A93B-785CB5E35B86}.Debug|Any CPU.Build.0 = Debug|Any CPU
		{EBCA9A34-19DF-4B63-A93B-785CB5E35B86}.Release|Any CPU.ActiveCfg = Release|Any CPU
		{EBCA9A34-19DF-4B63-A93B-785CB5E35B86}.Release|Any CPU.Build.0 = Release|Any CPU
	EndGlobalSection
	GlobalSection(SolutionProperties) = preSolution
		HideSolutionNode = FALSE
	EndGlobalSection
	GlobalSection(ExtensibilityGlobals) = postSolution
		SolutionGuid = {7AD647BB-7B2C-476B-94A8-9B7EA683DE3A}
	EndGlobalSection
EndGlobal
